
Microsoft Visual Studio Solution File, Format Version 12.00
# Visual Studio 2013
VisualStudioVersion = 12.0.31101.0
MinimumVisualStudioVersion = 10.0.40219.1
Project("{FAE04EC0-301F-11D3-BF4B-00C04F79EFBC}") = "AWSSAMLCredentials", "ClassLibrary1\AWSSAMLCredentials.csproj", "{A7DA1D48-C767-4D67-B7F6-C7D841B0DB1A}"
EndProject
Global
	GlobalSection(SolutionConfigurationPlatforms) = preSolution
		Debug|Any CPU = Debug|Any CPU
		Release|Any CPU = Release|Any CPU
	EndGlobalSection
	GlobalSection(ProjectConfigurationPlatforms) = postSolution
		{A7DA1D48-C767-4D67-B7F6-C7D841B0DB1A}.Debug|Any CPU.ActiveCfg = Debug|Any CPU
		{A7DA1D48-C767-4D67-B7F6-C7D841B0DB1A}.Debug|Any CPU.Build.0 = Debug|Any CPU
		{A7DA1D48-C767-4D67-B7F6-C7D841B0DB1A}.Release|Any CPU.ActiveCfg = Release|Any CPU
		{A7DA1D48-C767-4D67-B7F6-C7D841B0DB1A}.Release|Any CPU.Build.0 = Release|Any CPU
	EndGlobalSection
	GlobalSection(SolutionProperties) = preSolution
		HideSolutionNode = FALSE
	EndGlobalSection
EndGlobal
